
Microsoft Visual Studio Solution File, Format Version 12.00
# Visual Studio Version 16
VisualStudioVersion = 16.0.30907.101
MinimumVisualStudioVersion = 10.0.40219.1
Project("{9A19103F-16F7-4668-BE54-9A1E7A4F7556}") = "PatternService.API", "PatternService.Api\PatternService.API.csproj", "{44A1CEBF-6420-483C-8ABF-BB468C46B2A0}"
EndProject
Project("{9A19103F-16F7-4668-BE54-9A1E7A4F7556}") = "PatternService.Data", "PatternService.Data\PatternService.Data.csproj", "{0369061B-A5F4-4F9E-9EC2-31820B9FAF76}"
EndProject
Project("{9A19103F-16F7-4668-BE54-9A1E7A4F7556}") = "PatternService.BI", "PatternService.BI\PatternService.BI.csproj", "{7A2F0502-D650-4473-B57A-92AC300EB11C}"
EndProject
Project("{9A19103F-16F7-4668-BE54-9A1E7A4F7556}") = "PatternService.General", "PatternService.General\PatternService.General.csproj", "{4FB0BFF6-82F3-4FEB-A89F-E44D3AA640C7}"
EndProject
Project("{9A19103F-16F7-4668-BE54-9A1E7A4F7556}") = "PatternService.Tests", "PatternService.Tests\PatternService.Tests.csproj", "{9E62B133-AE24-47AA-9376-F80046767FD4}"
EndProject
Global
	GlobalSection(SolutionConfigurationPlatforms) = preSolution
		Debug|Any CPU = Debug|Any CPU
		Release|Any CPU = Release|Any CPU
	EndGlobalSection
	GlobalSection(ProjectConfigurationPlatforms) = postSolution
		{44A1CEBF-6420-483C-8ABF-BB468C46B2A0}.Debug|Any CPU.ActiveCfg = Debug|Any CPU
		{44A1CEBF-6420-483C-8ABF-BB468C46B2A0}.Debug|Any CPU.Build.0 = Debug|Any CPU
		{44A1CEBF-6420-483C-8ABF-BB468C46B2A0}.Release|Any CPU.ActiveCfg = Release|Any CPU
		{44A1CEBF-6420-483C-8ABF-BB468C46B2A0}.Release|Any CPU.Build.0 = Release|Any CPU
		{0369061B-A5F4-4F9E-9EC2-31820B9FAF76}.Debug|Any CPU.ActiveCfg = Debug|Any CPU
		{0369061B-A5F4-4F9E-9EC2-31820B9FAF76}.Debug|Any CPU.Build.0 = Debug|Any CPU
		{0369061B-A5F4-4F9E-9EC2-31820B9FAF76}.Release|Any CPU.ActiveCfg = Release|Any CPU
		{0369061B-A5F4-4F9E-9EC2-31820B9FAF76}.Release|Any CPU.Build.0 = Release|Any CPU
		{7A2F0502-D650-4473-B57A-92AC300EB11C}.Debug|Any CPU.ActiveCfg = Debug|Any CPU
		{7A2F0502-D650-4473-B57A-92AC300EB11C}.Debug|Any CPU.Build.0 = Debug|Any CPU
		{7A2F0502-D650-4473-B57A-92AC300EB11C}.Release|Any CPU.ActiveCfg = Release|Any CPU
		{7A2F0502-D650-4473-B57A-92AC300EB11C}.Release|Any CPU.Build.0 = Release|Any CPU
		{4FB0BFF6-82F3-4FEB-A89F-E44D3AA640C7}.Debug|Any CPU.ActiveCfg = Debug|Any CPU
		{4FB0BFF6-82F3-4FEB-A89F-E44D3AA640C7}.Debug|Any CPU.Build.0 = Debug|Any CPU
		{4FB0BFF6-82F3-4FEB-A89F-E44D3AA640C7}.Release|Any CPU.ActiveCfg = Release|Any CPU
		{4FB0BFF6-82F3-4FEB-A89F-E44D3AA640C7}.Release|Any CPU.Build.0 = Release|Any CPU
		{9E62B133-AE24-47AA-9376-F80046767FD4}.Debug|Any CPU.ActiveCfg = Debug|Any CPU
		{9E62B133-AE24-47AA-9376-F80046767FD4}.Debug|Any CPU.Build.0 = Debug|Any CPU
		{9E62B133-AE24-47AA-9376-F80046767FD4}.Release|Any CPU.ActiveCfg = Release|Any CPU
		{9E62B133-AE24-47AA-9376-F80046767FD4}.Release|Any CPU.Build.0 = Release|Any CPU
	EndGlobalSection
	GlobalSection(SolutionProperties) = preSolution
		HideSolutionNode = FALSE
	EndGlobalSection
	GlobalSection(ExtensibilityGlobals) = postSolution
		SolutionGuid = {120023DE-FE2A-4A67-B793-BFA5DC324260}
	EndGlobalSection
EndGlobal
